# This file is autogenerated, do not edit; changes may be undone by the next 'dep ensure'.


[[projects]]
  branch = "master"
  digest = "1:218e4b35d213cd4296c3964bee1809a9c7c1b44e20e447fdfd63966cb7e29724"
  name = "github.com/ServiceComb/go-archaius"
  packages = [
    ".",
    "core",
    "sources/file-source",
    "sources/memory-source",
  ]
  pruneopts = "UT"
  revision = "885b00ca6929c9689e5dfa57dff04a3586426035"

[[projects]]
  digest = "1:9d3f2f8494bfb8be227e7a6881fd08c318252eb678f70c6ce677ec360f69e778"
  name = "github.com/ServiceComb/go-chassis"
  packages = [
    "client/rest",
    "core/archaius",
    "core/client",
    "core/common",
    "core/config",
    "core/config/model",
    "core/config/schema",
    "core/goplugin",
    "core/invocation",
    "core/lager",
    "core/metadata",
    "core/registry",
    "core/tls",
    "core/util/string",
    "healthz/client",
    "pkg/runtime",
    "pkg/util/fileutil",
    "pkg/util/iputil",
    "security",
    "security/common",
    "security/plugins/plain",
  ]
  pruneopts = "UT"
  revision = "fde7303777781a0e38a9ff62a4e4212a13fa009b"
  version = "v0.6"

[[projects]]
  branch = "master"
  digest = "1:1d9bb49ab5c6cf983c8ee5e579f7df77d5ae4c4c3ce731d50b4ce8c2bf928e4b"
  name = "github.com/ServiceComb/paas-lager"
  packages = [
    ".",
    "third_party/forked/cloudfoundry/lager",
  ]
  pruneopts = "UT"
  revision = "50655443dc96e3d633667ca6310251ba2a3fe5c9"

[[projects]]
  digest = "1:dd1a3f5a0d4ec27669062b10013515233c4fef35b876f339d838495d0c8d6b67"
  name = "github.com/cenkalti/backoff"
  packages = ["."]
  pruneopts = "UT"
  revision = "32cd0c5b3aef12c76ed64aaf678f6c79736be7dc"
  version = "v1.0.0"

[[projects]]
  digest = "1:1da3a221f0bc090792d3a2a080ff09008427c0e0f0533a4ed6abd8994421da73"
  name = "github.com/coreos/go-systemd"
  packages = ["daemon"]
  pruneopts = "UT"
  revision = "39ca1b05acc7ad1220e09f133283b8859a8b71ab"
  version = "v17"

[[projects]]
  digest = "1:cb12ab9443677acf9b15dbcb144dbb87a50883571f9d012b7d7a40c16e875e80"
  name = "github.com/fsnotify/fsnotify"
  packages = ["."]
  pruneopts = "UT"
  revision = "836bfd95fecc0f1511dd66bdbf2b5b61ab8b00b6"
  version = "v1.2.11"

[[projects]]
  branch = "master"
  digest = "1:b233105df45f7f8c0ec245b0c021762d5e4c402c5970a07c5fa352dcf0ca4e95"
  name = "github.com/go-chassis/go-archaius"
  packages = [
    "core",
    "core/cast",
    "core/config-manager",
    "core/event-system",
    "lager",
    "sources/commandline-source",
    "sources/enviromentvariable-source",
    "sources/file-source",
    "sources/memory-source",
  ]
  pruneopts = "UT"
  revision = "885b00ca6929c9689e5dfa57dff04a3586426035"

[[projects]]
  branch = "master"
  digest = "1:ff35f2deafb713d78d2152364283fd6098bcbd266e022438ddd2c62314c93592"
  name = "github.com/go-chassis/paas-lager"
  packages = [
    ".",
    "third_party/forked/cloudfoundry/lager",
    "third_party/forked/cloudfoundry/lager/color",
  ]
  pruneopts = "UT"
  revision = "50655443dc96e3d633667ca6310251ba2a3fe5c9"

[[projects]]
  digest = "1:97df918963298c287643883209a2c3f642e6593379f97ab400c2a2e219ab647d"
  name = "github.com/golang/protobuf"
  packages = ["proto"]
  pruneopts = "UT"
  revision = "aa810b61a9c79d51363740d207bb46cf8e620ed5"
  version = "v1.2.0"

[[projects]]
  branch = "master"
  digest = "1:32c0e96a63bd093eccf37db757fb314be5996f34de93969321c2cbef893a7bd6"
  name = "github.com/hashicorp/go-version"
  packages = ["."]
  pruneopts = "UT"
  revision = "270f2f71b1ee587f3b609f00f422b76a6b28f348"

[[projects]]
  digest = "1:808cdddf087fb64baeae67b8dfaee2069034d9704923a3cb8bd96a995421a625"
  name = "github.com/patrickmn/go-cache"
  packages = ["."]
  pruneopts = "UT"
  revision = "a3647f8e31d79543b2d0f0ae2fe5c379d72cedc0"
  version = "v2.1.0"

[[projects]]
  digest = "1:516e71bed754268937f57d4ecb190e01958452336fa73dbac880894164e91c1f"
  name = "github.com/spf13/cast"
  packages = ["."]
  pruneopts = "UT"
  revision = "8965335b8c7107321228e3e3702cab9832751bac"
  version = "v1.2.0"

[[projects]]
  digest = "1:342378ac4dcb378a5448dd723f0784ae519383532f5e70ade24132c4c8693202"
  name = "gopkg.in/yaml.v2"
  packages = ["."]
  pruneopts = "UT"
  revision = "5420a8b6744d3b0345ab293f6fcba19c978f1183"
  version = "v2.2.1"

[[projects]]
  digest = "1:f5fb6c4c9e14909a66efe7d3e49403234cd52523eb3997c5753a880635e8be2d"
  name = "k8s.io/apimachinery"
  packages = ["pkg/util/sets"]
  pruneopts = "UT"
  revision = "241e268dc8e07223510442ab7d7902695c585d80"
  source = "github.com/kubernetes/apimachinery"

[solve-meta]
  analyzer-name = "dep"
  analyzer-version = 1
  input-imports = [
    "github.com/ServiceComb/go-chassis/core/config",
    "github.com/ServiceComb/go-chassis/core/registry",
    "github.com/coreos/go-systemd/daemon",
  ]
  solver-name = "gps-cdcl"
  solver-version = 1
